<?xml version="1.0" encoding="UTF-8" standalone="yes" ?>
<CodeBlocks_project_file>
	<FileVersion major="1" minor="6" />
	<Project>
		<Option title="PeopleDetection_01" />
		<Option pch_mode="2" />
		<Option compiler="gcc" />
		<Build>
			<Target title="Debug">
				<Option output="bin/Debug/PeopleDetection_01" prefix_auto="1" extension_auto="1" />
				<Option object_output="obj/Debug/" />
				<Option type="1" />
				<Option compiler="gcc" />
				<Compiler>
					<Add option="-g" />
					<Add directory="../../../../../usr/local/include/opencv" />
					<Add directory="../../../../../usr/local/include/opencv2" />
				</Compiler>
				<Linker>
					<Add library="../../../../../usr/local/lib/libavcodec.a" />
					<Add library="../../../../../usr/local/lib/libavdevice.a" />
					<Add library="../../../../../usr/local/lib/libavfilter.a" />
					<Add library="../../../../../usr/local/lib/libavformat.a" />
					<Add library="../../../../../usr/local/lib/libavutil.a" />
					<Add library="../../../../../usr/local/lib/libglfw.so" />
					<Add library="../../../../../usr/local/lib/libIrrlicht.a" />
					<Add library="../../../../../usr/local/lib/libopencv_calib3d.so" />
					<Add library="../../../../../usr/local/lib/libopencv_contrib.so" />
					<Add library="../../../../../usr/local/lib/libopencv_core.so" />
					<Add library="../../../../../usr/local/lib/libopencv_features2d.so" />
					<Add library="../../../../../usr/local/lib/libopencv_flann.so" />
					<Add library="../../../../../usr/local/lib/libopencv_gpu.so" />
					<Add library="../../../../../usr/local/lib/libopencv_highgui.so" />
					<Add library="../../../../../usr/local/lib/libopencv_imgproc.so" />
					<Add library="../../../../../usr/local/lib/libopencv_legacy.so" />
					<Add library="../../../../../usr/local/lib/libopencv_ml.so" />
					<Add library="../../../../../usr/local/lib/libopencv_nonfree.so" />
					<Add library="../../../../../usr/local/lib/libopencv_objdetect.so" />
					<Add library="../../../../../usr/local/lib/libopencv_ocl.so" />
					<Add library="../../../../../usr/local/lib/libopencv_photo.so" />
					<Add library="../../../../../usr/local/lib/libopencv_stitching.so" />
					<Add library="../../../../../usr/local/lib/libopencv_superres.so" />
					<Add library="../../../../../usr/local/lib/libopencv_ts.a" />
					<Add library="../../../../../usr/local/lib/libopencv_video.so" />
					<Add library="../../../../../usr/local/lib/libopencv_videostab.so" />
					<Add library="../../../../../usr/local/lib/libswresample.a" />
					<Add library="../../../../../usr/local/lib/libswscale.a" />
					<Add directory="../../../../../usr/local/include/opencv2" />
					<Add directory="../../../../../usr/local/include/opencv" />
					<Add directory="../../../../../usr/local/lib" />
				</Linker>
			</Target>
			<Target title="Release">
				<Option output="bin/Release/PeopleDetection_01" prefix_auto="1" extension_auto="1" />
				<Option object_output="obj/Release/" />
				<Option type="0" />
				<Option compiler="gcc" />
				<Compiler>
					<Add option="-O2" />
					<Add option="-s" />
				</Compiler>
			</Target>
		</Build>
		<Compiler>
			<Add option="`opencv-config --cxxflags`" />
		</Compiler>
		<Linker>
			<Add option="`opencv-config --ldstaticflags`" />
		</Linker>
		<Unit filename="lena.jpg" />
		<Unit filename="main.cpp" />
		<Extensions>
			<code_completion />
			<debugger />
		</Extensions>
	</Project>
</CodeBlocks_project_file>
